
Microsoft Visual Studio Solution File, Format Version 12.00
# Visual Studio 2012
Project("{F2A71F9B-5D33-465A-A702-920D77279786}") = "Interactive", "Interactive.fsproj", "{75EB9AC6-34FE-4F51-8E00-128F8FC7B3D3}"
EndProject
Project("{F2A71F9B-5D33-465A-A702-920D77279786}") = "Brief", "..\Compiler\Brief.fsproj", "{84910A19-C844-4103-A482-D67AF29412F2}"
EndProject
Project("{FAE04EC0-301F-11D3-BF4B-00C04F79EFBC}") = "ReflectaClient", "..\ReflectaClient\ReflectaClient.csproj", "{42DD4897-B056-4CCF-9D0C-1B3037EAFB79}"
EndProject
Global
	GlobalSection(TeamFoundationVersionControl) = preSolution
		SccNumberOfProjects = 1
		SccEnterpriseProvider = {4CA58AB2-18FA-4F8D-95D4-32DDF27D184C}
		SccTeamFoundationServer = http://vstfpg03:8080/tfs/tfs_sbgvstf
		SccProjectUniqueName0 = ..\\Firmware\\Teensy\\ReflectaClient\\ReflectaClient.csproj
		SccProjectName0 = ../Firmware/Teensy/ReflectaClient
		SccAuxPath0 = http://vstfpg03:8080/tfs/tfs_sbgvstf
		SccLocalPath0 = ..\\Firmware\\Teensy\\ReflectaClient
		SccProvider0 = {4CA58AB2-18FA-4F8D-95D4-32DDF27D184C}
	EndGlobalSection
	GlobalSection(SolutionConfigurationPlatforms) = preSolution
		Debug|Any CPU = Debug|Any CPU
		Release|Any CPU = Release|Any CPU
	EndGlobalSection
	GlobalSection(ProjectConfigurationPlatforms) = postSolution
		{75EB9AC6-34FE-4F51-8E00-128F8FC7B3D3}.Debug|Any CPU.ActiveCfg = Debug|Any CPU
		{75EB9AC6-34FE-4F51-8E00-128F8FC7B3D3}.Debug|Any CPU.Build.0 = Debug|Any CPU
		{75EB9AC6-34FE-4F51-8E00-128F8FC7B3D3}.Release|Any CPU.ActiveCfg = Release|Any CPU
		{75EB9AC6-34FE-4F51-8E00-128F8FC7B3D3}.Release|Any CPU.Build.0 = Release|Any CPU
		{84910A19-C844-4103-A482-D67AF29412F2}.Debug|Any CPU.ActiveCfg = Debug|Any CPU
		{84910A19-C844-4103-A482-D67AF29412F2}.Debug|Any CPU.Build.0 = Debug|Any CPU
		{84910A19-C844-4103-A482-D67AF29412F2}.Release|Any CPU.ActiveCfg = Release|Any CPU
		{84910A19-C844-4103-A482-D67AF29412F2}.Release|Any CPU.Build.0 = Release|Any CPU
		{42DD4897-B056-4CCF-9D0C-1B3037EAFB79}.Debug|Any CPU.ActiveCfg = Debug|Any CPU
		{42DD4897-B056-4CCF-9D0C-1B3037EAFB79}.Debug|Any CPU.Build.0 = Debug|Any CPU
		{42DD4897-B056-4CCF-9D0C-1B3037EAFB79}.Release|Any CPU.ActiveCfg = Release|Any CPU
		{42DD4897-B056-4CCF-9D0C-1B3037EAFB79}.Release|Any CPU.Build.0 = Release|Any CPU
	EndGlobalSection
	GlobalSection(SolutionProperties) = preSolution
		HideSolutionNode = FALSE
	EndGlobalSection
EndGlobal
