
Microsoft Visual Studio Solution File, Format Version 12.00
# Visual Studio Version 16
VisualStudioVersion = 16.0.31019.35
MinimumVisualStudioVersion = 10.0.40219.1
Project("{F2A71F9B-5D33-465A-A702-920D77279786}") = "Interactive", "Interactive\Interactive.fsproj", "{C797EB9A-C7A7-44E0-9B64-8059FCA78C24}"
EndProject
Project("{F2A71F9B-5D33-465A-A702-920D77279786}") = "Brief", "Compiler\Compiler.fsproj", "{DAEDCED6-7D0B-458E-82D6-9A85E705E54C}"
EndProject
Global
	GlobalSection(SolutionConfigurationPlatforms) = preSolution
		Debug|Any CPU = Debug|Any CPU
		Release|Any CPU = Release|Any CPU
	EndGlobalSection
	GlobalSection(ProjectConfigurationPlatforms) = postSolution
		{C797EB9A-C7A7-44E0-9B64-8059FCA78C24}.Debug|Any CPU.ActiveCfg = Debug|Any CPU
		{C797EB9A-C7A7-44E0-9B64-8059FCA78C24}.Debug|Any CPU.Build.0 = Debug|Any CPU
		{C797EB9A-C7A7-44E0-9B64-8059FCA78C24}.Release|Any CPU.ActiveCfg = Release|Any CPU
		{C797EB9A-C7A7-44E0-9B64-8059FCA78C24}.Release|Any CPU.Build.0 = Release|Any CPU
		{DAEDCED6-7D0B-458E-82D6-9A85E705E54C}.Debug|Any CPU.ActiveCfg = Debug|Any CPU
		{DAEDCED6-7D0B-458E-82D6-9A85E705E54C}.Debug|Any CPU.Build.0 = Debug|Any CPU
		{DAEDCED6-7D0B-458E-82D6-9A85E705E54C}.Release|Any CPU.ActiveCfg = Release|Any CPU
		{DAEDCED6-7D0B-458E-82D6-9A85E705E54C}.Release|Any CPU.Build.0 = Release|Any CPU
	EndGlobalSection
	GlobalSection(SolutionProperties) = preSolution
		HideSolutionNode = FALSE
	EndGlobalSection
	GlobalSection(ExtensibilityGlobals) = postSolution
		SolutionGuid = {1E60B039-3E19-4F47-88BA-65F69D764AC0}
	EndGlobalSection
EndGlobal
